Microsoft Visual Studio Solution File, Format Version 12.00
# Visual Studio Version 17
VisualStudioVersion = 17.5.2.0
MinimumVisualStudioVersion = 10.0.40219.1
Project("{FAE04EC0-301F-11D3-BF4B-00C04F79EFBC}") = "dqapi", "dqapi.csproj", "{14143F47-C03D-B6B2-AC2B-1F8545E9AB76}"
EndProject
Global
	GlobalSection(SolutionConfigurationPlatforms) = preSolution
		Debug|Any CPU = Debug|Any CPU
		Release|Any CPU = Release|Any CPU
	EndGlobalSection
	GlobalSection(ProjectConfigurationPlatforms) = postSolution
		{14143F47-C03D-B6B2-AC2B-1F8545E9AB76}.Debug|Any CPU.ActiveCfg = Debug|Any CPU
		{14143F47-C03D-B6B2-AC2B-1F8545E9AB76}.Debug|Any CPU.Build.0 = Debug|Any CPU
		{14143F47-C03D-B6B2-AC2B-1F8545E9AB76}.Release|Any CPU.ActiveCfg = Release|Any CPU
		{14143F47-C03D-B6B2-AC2B-1F8545E9AB76}.Release|Any CPU.Build.0 = Release|Any CPU
	EndGlobalSection
	GlobalSection(SolutionProperties) = preSolution
		HideSolutionNode = FALSE
	EndGlobalSection
	GlobalSection(ExtensibilityGlobals) = postSolution
		SolutionGuid = {FDFE64A4-E35B-427C-AD9D-D6C02F7A6298}
	EndGlobalSection
EndGlobal
